
Microsoft Visual Studio Solution File, Format Version 12.00
# Visual Studio Version 16
VisualStudioVersion = 16.0.31105.61
MinimumVisualStudioVersion = 10.0.40219.1
Project("{FAE04EC0-301F-11D3-BF4B-00C04F79EFBC}") = "Soul.DynamicWebAPI", "Soul.DynamicWebAPI.csproj", "{E92E4017-F861-4655-89AB-C538D9CD46D7}"
EndProject
Project("{FAE04EC0-301F-11D3-BF4B-00C04F79EFBC}") = "Soul.DynamicWebAPI.Test", "..\Soul.DynamicWebAPI.Test\Soul.DynamicWebAPI.Test.csproj", "{2C1EB13C-2938-4FE3-9A3B-8F3923C38289}"
EndProject
Global
	GlobalSection(SolutionConfigurationPlatforms) = preSolution
		Debug|Any CPU = Debug|Any CPU
		Release|Any CPU = Release|Any CPU
	EndGlobalSection
	GlobalSection(ProjectConfigurationPlatforms) = postSolution
		{E92E4017-F861-4655-89AB-C538D9CD46D7}.Debug|Any CPU.ActiveCfg = Debug|Any CPU
		{E92E4017-F861-4655-89AB-C538D9CD46D7}.Debug|Any CPU.Build.0 = Debug|Any CPU
		{E92E4017-F861-4655-89AB-C538D9CD46D7}.Release|Any CPU.ActiveCfg = Release|Any CPU
		{E92E4017-F861-4655-89AB-C538D9CD46D7}.Release|Any CPU.Build.0 = Release|Any CPU
		{2C1EB13C-2938-4FE3-9A3B-8F3923C38289}.Debug|Any CPU.ActiveCfg = Debug|Any CPU
		{2C1EB13C-2938-4FE3-9A3B-8F3923C38289}.Debug|Any CPU.Build.0 = Debug|Any CPU
		{2C1EB13C-2938-4FE3-9A3B-8F3923C38289}.Release|Any CPU.ActiveCfg = Release|Any CPU
		{2C1EB13C-2938-4FE3-9A3B-8F3923C38289}.Release|Any CPU.Build.0 = Release|Any CPU
	EndGlobalSection
	GlobalSection(SolutionProperties) = preSolution
		HideSolutionNode = FALSE
	EndGlobalSection
	GlobalSection(ExtensibilityGlobals) = postSolution
		SolutionGuid = {BA3CD643-E97E-41F2-8915-3B408DC8303E}
	EndGlobalSection
EndGlobal
