
Microsoft Visual Studio Solution File, Format Version 12.00
# Visual Studio Version 16
VisualStudioVersion = 16.0.31105.61
MinimumVisualStudioVersion = 10.0.40219.1
Project("{9A19103F-16F7-4668-BE54-9A1E7A4F7556}") = "Soul.DynamicWebApi", "Soul.DynamicWebAPI\Soul.DynamicWebApi.csproj", "{C99698A5-6597-4EB9-AE64-EF2F5676120D}"
EndProject
Project("{9A19103F-16F7-4668-BE54-9A1E7A4F7556}") = "Soul.DynamicWebApi.Test", "Soul.DynamicWebAPI.Test\Soul.DynamicWebApi.Test.csproj", "{16AE53B4-53D0-4D1D-8C16-A45380D04D1B}"
EndProject
Global
	GlobalSection(SolutionConfigurationPlatforms) = preSolution
		Debug|Any CPU = Debug|Any CPU
		Release|Any CPU = Release|Any CPU
	EndGlobalSection
	GlobalSection(ProjectConfigurationPlatforms) = postSolution
		{C99698A5-6597-4EB9-AE64-EF2F5676120D}.Debug|Any CPU.ActiveCfg = Debug|Any CPU
		{C99698A5-6597-4EB9-AE64-EF2F5676120D}.Debug|Any CPU.Build.0 = Debug|Any CPU
		{C99698A5-6597-4EB9-AE64-EF2F5676120D}.Release|Any CPU.ActiveCfg = Release|Any CPU
		{C99698A5-6597-4EB9-AE64-EF2F5676120D}.Release|Any CPU.Build.0 = Release|Any CPU
		{16AE53B4-53D0-4D1D-8C16-A45380D04D1B}.Debug|Any CPU.ActiveCfg = Debug|Any CPU
		{16AE53B4-53D0-4D1D-8C16-A45380D04D1B}.Debug|Any CPU.Build.0 = Debug|Any CPU
		{16AE53B4-53D0-4D1D-8C16-A45380D04D1B}.Release|Any CPU.ActiveCfg = Release|Any CPU
		{16AE53B4-53D0-4D1D-8C16-A45380D04D1B}.Release|Any CPU.Build.0 = Release|Any CPU
	EndGlobalSection
	GlobalSection(SolutionProperties) = preSolution
		HideSolutionNode = FALSE
	EndGlobalSection
	GlobalSection(ExtensibilityGlobals) = postSolution
		SolutionGuid = {BA3CD643-E97E-41F2-8915-3B408DC8303E}
	EndGlobalSection
EndGlobal
